// !$*UTF8*$!
{
	archiveVersion = 1;
	classes = {
	};
	objectVersion = 46;
	objects = {

/* Begin PBXBuildFile section */
		501D7F4F1A697DF7004FFB9A /* main.cpp in Sources */ = {isa = PBXBuildFile; fileRef = 501D7F4E1A697DF7004FFB9A /* main.cpp */; };
		501D7F581A697E03004FFB9A /* GLKit.framework in Frameworks */ = {isa = PBXBuildFile; fileRef = 501D7F551A697E03004FFB9A /* GLKit.framework */; };
		501D7F591A697E03004FFB9A /* GLUT.framework in Frameworks */ = {isa = PBXBuildFile; fileRef = 501D7F561A697E03004FFB9A /* GLUT.framework */; };
		501D7F5A1A697E03004FFB9A /* OpenGL.framework in Frameworks */ = {isa = PBXBuildFile; fileRef = 501D7F571A697E03004FFB9A /* OpenGL.framework */; };
		501D7F601A6981E4004FFB9A /* Initialization_Files.cpp in Sources */ = {isa = PBXBuildFile; fileRef = 501D7F5E1A6981E4004FFB9A /* Initialization_Files.cpp */; };
		507428711A6FAB72003EF60C /* MenuDrawFuncs.cpp in Sources */ = {isa = PBXBuildFile; fileRef = 5074286F1A6FAB72003EF60C /* MenuDrawFuncs.cpp */; };
		507428741A6FD2B9003EF60C /* File_IO.cpp in Sources */ = {isa = PBXBuildFile; fileRef = 507428721A6FD2B9003EF60C /* File_IO.cpp */; };
		5074287A1A6FFD86003EF60C /* Texture_Files.cpp in Sources */ = {isa = PBXBuildFile; fileRef = 507428781A6FFD86003EF60C /* Texture_Files.cpp */; };
/* End PBXBuildFile section */

/* Begin PBXCopyFilesBuildPhase section */
		501D7F491A697DF7004FFB9A /* CopyFiles */ = {
			isa = PBXCopyFilesBuildPhase;
			buildActionMask = 2147483647;
			dstPath = /usr/share/man/man1/;
			dstSubfolderSpec = 0;
			files = (
			);
			runOnlyForDeploymentPostprocessing = 1;
		};
/* End PBXCopyFilesBuildPhase section */

/* Begin PBXFileReference section */
		501D7F4B1A697DF7004FFB9A /* SimulationCity */ = {isa = PBXFileReference; explicitFileType = "compiled.mach-o.executable"; includeInIndex = 0; path = SimulationCity; sourceTree = BUILT_PRODUCTS_DIR; };
		501D7F4E1A697DF7004FFB9A /* main.cpp */ = {isa = PBXFileReference; lastKnownFileType = sourcecode.cpp.cpp; path = main.cpp; sourceTree = "<group>"; };
		501D7F551A697E03004FFB9A /* GLKit.framework */ = {isa = PBXFileReference; lastKnownFileType = wrapper.framework; name = GLKit.framework; path = System/Library/Frameworks/GLKit.framework; sourceTree = SDKROOT; };
		501D7F561A697E03004FFB9A /* GLUT.framework */ = {isa = PBXFileReference; lastKnownFileType = wrapper.framework; name = GLUT.framework; path = System/Library/Frameworks/GLUT.framework; sourceTree = SDKROOT; };
		501D7F571A697E03004FFB9A /* OpenGL.framework */ = {isa = PBXFileReference; lastKnownFileType = wrapper.framework; name = OpenGL.framework; path = System/Library/Frameworks/OpenGL.framework; sourceTree = SDKROOT; };
		501D7F5C1A697E4D004FFB9A /* Objects.h */ = {isa = PBXFileReference; fileEncoding = 4; lastKnownFileType = sourcecode.c.h; path = Objects.h; sourceTree = "<group>"; };
		501D7F5E1A6981E4004FFB9A /* Initialization_Files.cpp */ = {isa = PBXFileReference; fileEncoding = 4; lastKnownFileType = sourcecode.cpp.cpp; path = Initialization_Files.cpp; sourceTree = "<group>"; };
		501D7F5F1A6981E4004FFB9A /* Initialization_Files.h */ = {isa = PBXFileReference; fileEncoding = 4; lastKnownFileType = sourcecode.c.h; path = Initialization_Files.h; sourceTree = "<group>"; };
		501D7F611A699448004FFB9A /* Global Varibles.h */ = {isa = PBXFileReference; lastKnownFileType = sourcecode.c.h; path = "Global Varibles.h"; sourceTree = "<group>"; };
		5074286F1A6FAB72003EF60C /* MenuDrawFuncs.cpp */ = {isa = PBXFileReference; fileEncoding = 4; lastKnownFileType = sourcecode.cpp.cpp; path = MenuDrawFuncs.cpp; sourceTree = "<group>"; };
		507428701A6FAB72003EF60C /* MenuDrawFuncs.h */ = {isa = PBXFileReference; fileEncoding = 4; lastKnownFileType = sourcecode.c.h; path = MenuDrawFuncs.h; sourceTree = "<group>"; };
		507428721A6FD2B9003EF60C /* File_IO.cpp */ = {isa = PBXFileReference; fileEncoding = 4; lastKnownFileType = sourcecode.cpp.cpp; path = File_IO.cpp; sourceTree = "<group>"; };
		507428781A6FFD86003EF60C /* Texture_Files.cpp */ = {isa = PBXFileReference; fileEncoding = 4; lastKnownFileType = sourcecode.cpp.cpp; path = Texture_Files.cpp; sourceTree = "<group>"; };
		507428791A6FFD86003EF60C /* Texture_Files.h */ = {isa = PBXFileReference; fileEncoding = 4; lastKnownFileType = sourcecode.c.h; path = Texture_Files.h; sourceTree = "<group>"; };
/* End PBXFileReference section */

/* Begin PBXFrameworksBuildPhase section */
		501D7F481A697DF7004FFB9A /* Frameworks */ = {
			isa = PBXFrameworksBuildPhase;
			buildActionMask = 2147483647;
			files = (
				501D7F581A697E03004FFB9A /* GLKit.framework in Frameworks */,
				501D7F591A697E03004FFB9A /* GLUT.framework in Frameworks */,
				501D7F5A1A697E03004FFB9A /* OpenGL.framework in Frameworks */,
			);
			runOnlyForDeploymentPostprocessing = 0;
		};
/* End PBXFrameworksBuildPhase section */

/* Begin PBXGroup section */
		501D7F421A697DF7004FFB9A = {
			isa = PBXGroup;
			children = (
				501D7F551A697E03004FFB9A /* GLKit.framework */,
				501D7F561A697E03004FFB9A /* GLUT.framework */,
				501D7F571A697E03004FFB9A /* OpenGL.framework */,
				501D7F4D1A697DF7004FFB9A /* SimulationCity */,
				501D7F4C1A697DF7004FFB9A /* Products */,
			);
			sourceTree = "<group>";
		};
		501D7F4C1A697DF7004FFB9A /* Products */ = {
			isa = PBXGroup;
			children = (
				501D7F4B1A697DF7004FFB9A /* SimulationCity */,
			);
			name = Products;
			sourceTree = "<group>";
		};
		501D7F4D1A697DF7004FFB9A /* SimulationCity */ = {
			isa = PBXGroup;
			children = (
				501D7F4E1A697DF7004FFB9A /* main.cpp */,
				501D7F611A699448004FFB9A /* Global Varibles.h */,
				507428721A6FD2B9003EF60C /* File_IO.cpp */,
				501D7F5C1A697E4D004FFB9A /* Objects.h */,
				5074286F1A6FAB72003EF60C /* MenuDrawFuncs.cpp */,
				507428701A6FAB72003EF60C /* MenuDrawFuncs.h */,
				501D7F5E1A6981E4004FFB9A /* Initialization_Files.cpp */,
				501D7F5F1A6981E4004FFB9A /* Initialization_Files.h */,
				507428781A6FFD86003EF60C /* Texture_Files.cpp */,
				507428791A6FFD86003EF60C /* Texture_Files.h */,
			);
			path = SimulationCity;
			sourceTree = "<group>";
		};
/* End PBXGroup section */

/* Begin PBXNativeTarget section */
		501D7F4A1A697DF7004FFB9A /* SimulationCity */ = {
			isa = PBXNativeTarget;
			buildConfigurationList = 501D7F521A697DF7004FFB9A /* Build configuration list for PBXNativeTarget "SimulationCity" */;
			buildPhases = (
				501D7F471A697DF7004FFB9A /* Sources */,
				501D7F481A697DF7004FFB9A /* Frameworks */,
				501D7F491A697DF7004FFB9A /* CopyFiles */,
			);
			buildRules = (
			);
			dependencies = (
			);
			name = SimulationCity;
			productName = SimulationCity;
			productReference = 501D7F4B1A697DF7004FFB9A /* SimulationCity */;
			productType = "com.apple.product-type.tool";
		};
/* End PBXNativeTarget section */

/* Begin PBXProject section */
		501D7F431A697DF7004FFB9A /* Project object */ = {
			isa = PBXProject;
			attributes = {
				LastUpgradeCheck = 0610;
				ORGANIZATIONNAME = "Albert Bode";
				TargetAttributes = {
					501D7F4A1A697DF7004FFB9A = {
						CreatedOnToolsVersion = 6.1.1;
					};
				};
			};
			buildConfigurationList = 501D7F461A697DF7004FFB9A /* Build configuration list for PBXProject "SimulationCity" */;
			compatibilityVersion = "Xcode 3.2";
			developmentRegion = English;
			hasScannedForEncodings = 0;
			knownRegions = (
				en,
			);
			mainGroup = 501D7F421A697DF7004FFB9A;
			productRefGroup = 501D7F4C1A697DF7004FFB9A /* Products */;
			projectDirPath = "";
			projectRoot = "";
			targets = (
				501D7F4A1A697DF7004FFB9A /* SimulationCity */,
			);
		};
/* End PBXProject section */

/* Begin PBXSourcesBuildPhase section */
		501D7F471A697DF7004FFB9A /* Sources */ = {
			isa = PBXSourcesBuildPhase;
			buildActionMask = 2147483647;
			files = (
				507428741A6FD2B9003EF60C /* File_IO.cpp in Sources */,
				507428711A6FAB72003EF60C /* MenuDrawFuncs.cpp in Sources */,
				501D7F601A6981E4004FFB9A /* Initialization_Files.cpp in Sources */,
				5074287A1A6FFD86003EF60C /* Texture_Files.cpp in Sources */,
				501D7F4F1A697DF7004FFB9A /* main.cpp in Sources */,
			);
			runOnlyForDeploymentPostprocessing = 0;
		};
/* End PBXSourcesBuildPhase section */

/* Begin XCBuildConfiguration section */
		501D7F501A697DF7004FFB9A /* Debug */ = {
			isa = XCBuildConfiguration;
			buildSettings = {
				ALWAYS_SEARCH_USER_PATHS = NO;
				CLANG_CXX_LANGUAGE_STANDARD = "gnu++0x";
				CLANG_CXX_LIBRARY = "libc++";
				CLANG_ENABLE_MODULES = YES;
				CLANG_ENABLE_OBJC_ARC = YES;
				CLANG_WARN_BOOL_CONVERSION = YES;
				CLANG_WARN_CONSTANT_CONVERSION = YES;
				CLANG_WARN_DIRECT_OBJC_ISA_USAGE = YES_ERROR;
				CLANG_WARN_EMPTY_BODY = YES;
				CLANG_WARN_ENUM_CONVERSION = YES;
				CLANG_WARN_INT_CONVERSION = YES;
				CLANG_WARN_OBJC_ROOT_CLASS = YES_ERROR;
				CLANG_WARN_UNREACHABLE_CODE = YES;
				CLANG_WARN__DUPLICATE_METHOD_MATCH = YES;
				COPY_PHASE_STRIP = NO;
				ENABLE_STRICT_OBJC_MSGSEND = YES;
				GCC_C_LANGUAGE_STANDARD = gnu99;
				GCC_DYNAMIC_NO_PIC = NO;
				GCC_OPTIMIZATION_LEVEL = 0;
				GCC_PREPROCESSOR_DEFINITIONS = (
					"DEBUG=1",
					"$(inherited)",
				);
				GCC_SYMBOLS_PRIVATE_EXTERN = NO;
				GCC_WARN_64_TO_32_BIT_CONVERSION = YES;
				GCC_WARN_ABOUT_RETURN_TYPE = YES_ERROR;
				GCC_WARN_UNDECLARED_SELECTOR = YES;
				GCC_WARN_UNINITIALIZED_AUTOS = YES_AGGRESSIVE;
				GCC_WARN_UNUSED_FUNCTION = YES;
				GCC_WARN_UNUSED_VARIABLE = YES;
				MACOSX_DEPLOYMENT_TARGET = 10.10;
				MTL_ENABLE_DEBUG_INFO = YES;
				ONLY_ACTIVE_ARCH = YES;
				SDKROOT = macosx;
			};
			name = Debug;
		};
		501D7F511A697DF7004FFB9A /* Release */ = {
			isa = XCBuildConfiguration;
			buildSettings = {
				ALWAYS_SEARCH_USER_PATHS = NO;
				CLANG_CXX_LANGUAGE_STANDARD = "gnu++0x";
				CLANG_CXX_LIBRARY = "libc++";
				CLANG_ENABLE_MODULES = YES;
				CLANG_ENABLE_OBJC_ARC = YES;
				CLANG_WARN_BOOL_CONVERSION = YES;
				CLANG_WARN_CONSTANT_CONVERSION = YES;
				CLANG_WARN_DIRECT_OBJC_ISA_USAGE = YES_ERROR;
				CLANG_WARN_EMPTY_BODY = YES;
				CLANG_WARN_ENUM_CONVERSION = YES;
				CLANG_WARN_INT_CONVERSION = YES;
				CLANG_WARN_OBJC_ROOT_CLASS = YES_ERROR;
				CLANG_WARN_UNREACHABLE_CODE = YES;
				CLANG_WARN__DUPLICATE_METHOD_MATCH = YES;
				COPY_PHASE_STRIP = YES;
				DEBUG_INFORMATION_FORMAT = "dwarf-with-dsym";
				ENABLE_NS_ASSERTIONS = NO;
				ENABLE_STRICT_OBJC_MSGSEND = YES;
				GCC_C_LANGUAGE_STANDARD = gnu99;
				GCC_WARN_64_TO_32_BIT_CONVERSION = YES;
				GCC_WARN_ABOUT_RETURN_TYPE = YES_ERROR;
				GCC_WARN_UNDECLARED_SELECTOR = YES;
				GCC_WARN_UNINITIALIZED_AUTOS = YES_AGGRESSIVE;
				GCC_WARN_UNUSED_FUNCTION = YES;
				GCC_WARN_UNUSED_VARIABLE = YES;
				MACOSX_DEPLOYMENT_TARGET = 10.10;
				MTL_ENABLE_DEBUG_INFO = NO;
				SDKROOT = macosx;
			};
			name = Release;
		};
		501D7F531A697DF7004FFB9A /* Debug */ = {
			isa = XCBuildConfiguration;
			buildSettings = {
				GCC_WARN_INHIBIT_ALL_WARNINGS = YES;
				PRODUCT_NAME = "$(TARGET_NAME)";
			};
			name = Debug;
		};
		501D7F541A697DF7004FFB9A /* Release */ = {
			isa = XCBuildConfiguration;
			buildSettings = {
				GCC_WARN_INHIBIT_ALL_WARNINGS = YES;
				PRODUCT_NAME = "$(TARGET_NAME)";
			};
			name = Release;
		};
/* End XCBuildConfiguration section */

/* Begin XCConfigurationList section */
		501D7F461A697DF7004FFB9A /* Build configuration list for PBXProject "SimulationCity" */ = {
			isa = XCConfigurationList;
			buildConfigurations = (
				501D7F501A697DF7004FFB9A /* Debug */,
				501D7F511A697DF7004FFB9A /* Release */,
			);
			defaultConfigurationIsVisible = 0;
			defaultConfigurationName = Release;
		};
		501D7F521A697DF7004FFB9A /* Build configuration list for PBXNativeTarget "SimulationCity" */ = {
			isa = XCConfigurationList;
			buildConfigurations = (
				501D7F531A697DF7004FFB9A /* Debug */,
				501D7F541A697DF7004FFB9A /* Release */,
			);
			defaultConfigurationIsVisible = 0;
			defaultConfigurationName = Release;
		};
/* End XCConfigurationList section */
	};
	rootObject = 501D7F431A697DF7004FFB9A /* Project object */;
}
